
Microsoft Visual Studio Solution File, Format Version 12.00
# Visual Studio Version 16
VisualStudioVersion = 16.0.34601.136
MinimumVisualStudioVersion = 10.0.40219.1
Project("{FAE04EC0-301F-11D3-BF4B-00C04F79EFBC}") = "A6", "A6\A6.csproj", "{ED767EFB-BEB3-4FAB-BE40-D695567EC09C}"
EndProject
Project("{9A19103F-16F7-4668-BE54-9A1E7A4F7556}") = "EncDec", "EncDec\EncDec.csproj", "{F6A389F6-5A36-47DD-9EF7-BAE0229F3290}"
EndProject
Global
	GlobalSection(SolutionConfigurationPlatforms) = preSolution
		Debug|Any CPU = Debug|Any CPU
		Release|Any CPU = Release|Any CPU
	EndGlobalSection
	GlobalSection(ProjectConfigurationPlatforms) = postSolution
		{ED767EFB-BEB3-4FAB-BE40-D695567EC09C}.Debug|Any CPU.ActiveCfg = Debug|Any CPU
		{ED767EFB-BEB3-4FAB-BE40-D695567EC09C}.Debug|Any CPU.Build.0 = Debug|Any CPU
		{ED767EFB-BEB3-4FAB-BE40-D695567EC09C}.Release|Any CPU.ActiveCfg = Release|Any CPU
		{ED767EFB-BEB3-4FAB-BE40-D695567EC09C}.Release|Any CPU.Build.0 = Release|Any CPU
		{F6A389F6-5A36-47DD-9EF7-BAE0229F3290}.Debug|Any CPU.ActiveCfg = Debug|Any CPU
		{F6A389F6-5A36-47DD-9EF7-BAE0229F3290}.Debug|Any CPU.Build.0 = Debug|Any CPU
		{F6A389F6-5A36-47DD-9EF7-BAE0229F3290}.Release|Any CPU.ActiveCfg = Release|Any CPU
		{F6A389F6-5A36-47DD-9EF7-BAE0229F3290}.Release|Any CPU.Build.0 = Release|Any CPU
	EndGlobalSection
	GlobalSection(SolutionProperties) = preSolution
		HideSolutionNode = FALSE
	EndGlobalSection
	GlobalSection(ExtensibilityGlobals) = postSolution
		SolutionGuid = {E5690F01-995F-4B7D-A0B6-54BCC315F74F}
	EndGlobalSection
EndGlobal
